
Microsoft Visual Studio Solution File, Format Version 12.00
# Visual Studio Version 17
VisualStudioVersion = 17.8.34316.72
MinimumVisualStudioVersion = 10.0.40219.1
Project("{FAE04EC0-301F-11D3-BF4B-00C04F79EFBC}") = "WPF_project", "WPF_project\WPF_project.csproj", "{DDA52C50-E7D9-4E9F-9F9B-433FB72131AF}"
EndProject
Global
	GlobalSection(SolutionConfigurationPlatforms) = preSolution
		Debug|Any CPU = Debug|Any CPU
		Release|Any CPU = Release|Any CPU
	EndGlobalSection
	GlobalSection(ProjectConfigurationPlatforms) = postSolution
		{DDA52C50-E7D9-4E9F-9F9B-433FB72131AF}.Debug|Any CPU.ActiveCfg = Debug|Any CPU
		{DDA52C50-E7D9-4E9F-9F9B-433FB72131AF}.Debug|Any CPU.Build.0 = Debug|Any CPU
		{DDA52C50-E7D9-4E9F-9F9B-433FB72131AF}.Release|Any CPU.ActiveCfg = Release|Any CPU
		{DDA52C50-E7D9-4E9F-9F9B-433FB72131AF}.Release|Any CPU.Build.0 = Release|Any CPU
	EndGlobalSection
	GlobalSection(SolutionProperties) = preSolution
		HideSolutionNode = FALSE
	EndGlobalSection
	GlobalSection(ExtensibilityGlobals) = postSolution
		SolutionGuid = {07D06E0F-B66E-4949-B4B3-904A591B8728}
	EndGlobalSection
EndGlobal
